
Microsoft Visual Studio Solution File, Format Version 12.00
# Visual Studio Version 17
VisualStudioVersion = 17.14.36310.24 d17.14
MinimumVisualStudioVersion = 10.0.40219.1
Project("{FAE04EC0-301F-11D3-BF4B-00C04F79EFBC}") = "ClasseProdutoComPropeties", "ClasseProdutoComPropeties\ClasseProdutoComPropeties.csproj", "{05B28EF0-8895-43E1-93DD-7A4D37E270D2}"
EndProject
Global
	GlobalSection(SolutionConfigurationPlatforms) = preSolution
		Debug|Any CPU = Debug|Any CPU
		Release|Any CPU = Release|Any CPU
	EndGlobalSection
	GlobalSection(ProjectConfigurationPlatforms) = postSolution
		{05B28EF0-8895-43E1-93DD-7A4D37E270D2}.Debug|Any CPU.ActiveCfg = Debug|Any CPU
		{05B28EF0-8895-43E1-93DD-7A4D37E270D2}.Debug|Any CPU.Build.0 = Debug|Any CPU
		{05B28EF0-8895-43E1-93DD-7A4D37E270D2}.Release|Any CPU.ActiveCfg = Release|Any CPU
		{05B28EF0-8895-43E1-93DD-7A4D37E270D2}.Release|Any CPU.Build.0 = Release|Any CPU
	EndGlobalSection
	GlobalSection(SolutionProperties) = preSolution
		HideSolutionNode = FALSE
	EndGlobalSection
	GlobalSection(ExtensibilityGlobals) = postSolution
		SolutionGuid = {5EDBA33D-8342-441D-894C-3C9A2A08CD7E}
	EndGlobalSection
EndGlobal
